
Microsoft Visual Studio Solution File, Format Version 12.00
# Visual Studio Version 17
VisualStudioVersion = 17.3.32901.215
MinimumVisualStudioVersion = 10.0.40219.1
Project("{9A19103F-16F7-4668-BE54-9A1E7A4F7556}") = "ConsoleApp3", "ConsoleApp3\ConsoleApp3.csproj", "{3FEA0A28-E851-42AB-B02F-562497550AFF}"
EndProject
Project("{FAE04EC0-301F-11D3-BF4B-00C04F79EFBC}") = "ConsoleApp3Tests", "ConsoleApp3Tests\ConsoleApp3Tests.csproj", "{60C01275-B475-4118-8E48-1067D6212846}"
EndProject
Global
	GlobalSection(SolutionConfigurationPlatforms) = preSolution
		Debug|Any CPU = Debug|Any CPU
		Release|Any CPU = Release|Any CPU
	EndGlobalSection
	GlobalSection(ProjectConfigurationPlatforms) = postSolution
		{3FEA0A28-E851-42AB-B02F-562497550AFF}.Debug|Any CPU.ActiveCfg = Debug|Any CPU
		{3FEA0A28-E851-42AB-B02F-562497550AFF}.Debug|Any CPU.Build.0 = Debug|Any CPU
		{3FEA0A28-E851-42AB-B02F-562497550AFF}.Release|Any CPU.ActiveCfg = Release|Any CPU
		{3FEA0A28-E851-42AB-B02F-562497550AFF}.Release|Any CPU.Build.0 = Release|Any CPU
		{60C01275-B475-4118-8E48-1067D6212846}.Debug|Any CPU.ActiveCfg = Debug|Any CPU
		{60C01275-B475-4118-8E48-1067D6212846}.Debug|Any CPU.Build.0 = Debug|Any CPU
		{60C01275-B475-4118-8E48-1067D6212846}.Release|Any CPU.ActiveCfg = Release|Any CPU
		{60C01275-B475-4118-8E48-1067D6212846}.Release|Any CPU.Build.0 = Release|Any CPU
	EndGlobalSection
	GlobalSection(SolutionProperties) = preSolution
		HideSolutionNode = FALSE
	EndGlobalSection
	GlobalSection(ExtensibilityGlobals) = postSolution
		SolutionGuid = {E1646F4A-09F4-4DFE-B4E6-383195BAD187}
	EndGlobalSection
EndGlobal
